
Microsoft Visual Studio Solution File, Format Version 12.00
Project("{FAE04EC0-301F-11D3-BF4B-00C04F79EFBC}") = "Astra.Hosting.IdentityServer", "Astra.Hosting.IdentityServer\Astra.Hosting.IdentityServer.csproj", "{584B2913-4CAB-4312-B8BF-C525F1088CDF}"
EndProject
Project("{2150E333-8FDC-42A3-9474-1A3956D46DE8}") = "Base", "Base", "{367CEF38-FAA0-498D-ADDE-E780ACCA7D86}"
EndProject
Project("{FAE04EC0-301F-11D3-BF4B-00C04F79EFBC}") = "Astra.Hosting", "Astra.Hosting\Astra.Hosting\Astra.Hosting.csproj", "{90E4007A-6333-46F2-BC96-92358A94B88A}"
EndProject
Project("{FAE04EC0-301F-11D3-BF4B-00C04F79EFBC}") = "Astra.Hosting.EntityFramework", "Astra.Hosting.EntityFramework\Astra.Hosting.EntityFramework\Astra.Hosting.EntityFramework.csproj", "{F41EDFCC-DE8B-4EDE-9D73-DB9B91A2DD30}"
EndProject
Global
	GlobalSection(SolutionConfigurationPlatforms) = preSolution
		Debug|Any CPU = Debug|Any CPU
		Release|Any CPU = Release|Any CPU
	EndGlobalSection
	GlobalSection(ProjectConfigurationPlatforms) = postSolution
		{584B2913-4CAB-4312-B8BF-C525F1088CDF}.Debug|Any CPU.ActiveCfg = Debug|Any CPU
		{584B2913-4CAB-4312-B8BF-C525F1088CDF}.Debug|Any CPU.Build.0 = Debug|Any CPU
		{584B2913-4CAB-4312-B8BF-C525F1088CDF}.Release|Any CPU.ActiveCfg = Release|Any CPU
		{584B2913-4CAB-4312-B8BF-C525F1088CDF}.Release|Any CPU.Build.0 = Release|Any CPU
		{90E4007A-6333-46F2-BC96-92358A94B88A}.Debug|Any CPU.ActiveCfg = Debug|Any CPU
		{90E4007A-6333-46F2-BC96-92358A94B88A}.Debug|Any CPU.Build.0 = Debug|Any CPU
		{90E4007A-6333-46F2-BC96-92358A94B88A}.Release|Any CPU.ActiveCfg = Release|Any CPU
		{90E4007A-6333-46F2-BC96-92358A94B88A}.Release|Any CPU.Build.0 = Release|Any CPU
		{F41EDFCC-DE8B-4EDE-9D73-DB9B91A2DD30}.Debug|Any CPU.ActiveCfg = Debug|Any CPU
		{F41EDFCC-DE8B-4EDE-9D73-DB9B91A2DD30}.Debug|Any CPU.Build.0 = Debug|Any CPU
		{F41EDFCC-DE8B-4EDE-9D73-DB9B91A2DD30}.Release|Any CPU.ActiveCfg = Release|Any CPU
		{F41EDFCC-DE8B-4EDE-9D73-DB9B91A2DD30}.Release|Any CPU.Build.0 = Release|Any CPU
	EndGlobalSection
	GlobalSection(NestedProjects) = preSolution
		{90E4007A-6333-46F2-BC96-92358A94B88A} = {367CEF38-FAA0-498D-ADDE-E780ACCA7D86}
		{F41EDFCC-DE8B-4EDE-9D73-DB9B91A2DD30} = {367CEF38-FAA0-498D-ADDE-E780ACCA7D86}
	EndGlobalSection
EndGlobal
